PODS:
  - QCloudSDK (1.1.4.2):
    - QCloudSDK/Download (= 1.1.4.2)
    - QCloudSDK/Upload (= 1.1.4.2)
  - QCloudSDK/Download (1.1.4.2)
  - QCloudSDK/Upload (1.1.4.2)

DEPENDENCIES:
  - QCloudSDK (= 1.1.4.2)
  - QCloudSDK/Download (= 1.1.4.2)
  - QCloudSDK/Upload (= 1.1.4.2)

SPEC CHECKSUMS:
  QCloudSDK: 037a72a421bcf71f38303ea359948e10a6c32226

PODFILE CHECKSUM: 77540e98476227bcfc281ba31f215958ad88b27f

COCOAPODS: 1.0.1
